// !$*UTF8*$!
{
	archiveVersion = 1;
	classes = {
	};
	objectVersion = 56;
	objects = {

/* Begin PBXBuildFile section */
		616459DA2937A1D100ADF3A3 /* TitleTableViewCell.swift in Sources */ = {isa = PBXBuildFile; fileRef = 616459D92937A1D100ADF3A3 /* TitleTableViewCell.swift */; };
		616459DC2937A63C00ADF3A3 /* TitleViewModel.swift in Sources */ = {isa = PBXBuildFile; fileRef = 616459DB2937A63C00ADF3A3 /* TitleViewModel.swift */; };
		6186524529303E8A00900C20 /* AppDelegate.swift in Sources */ = {isa = PBXBuildFile; fileRef = 6186524429303E8A00900C20 /* AppDelegate.swift */; };
		6186524729303E8A00900C20 /* SceneDelegate.swift in Sources */ = {isa = PBXBuildFile; fileRef = 6186524629303E8A00900C20 /* SceneDelegate.swift */; };
		6186524929303E8A00900C20 /* MainTabBarViewController.swift in Sources */ = {isa = PBXBuildFile; fileRef = 6186524829303E8A00900C20 /* MainTabBarViewController.swift */; };
		6186524E29303E8B00900C20 /* Assets.xcassets in Resources */ = {isa = PBXBuildFile; fileRef = 6186524D29303E8B00900C20 /* Assets.xcassets */; };
		6186525129303E8B00900C20 /* LaunchScreen.storyboard in Resources */ = {isa = PBXBuildFile; fileRef = 6186524F29303E8B00900C20 /* LaunchScreen.storyboard */; };
		6186525A293040D200900C20 /* HomeViewController.swift in Sources */ = {isa = PBXBuildFile; fileRef = 61865259293040D200900C20 /* HomeViewController.swift */; };
		6186525D2930410C00900C20 /* UpComingViewController.swift in Sources */ = {isa = PBXBuildFile; fileRef = 6186525C2930410C00900C20 /* UpComingViewController.swift */; };
		6186525F2930411F00900C20 /* SearchViewController.swift in Sources */ = {isa = PBXBuildFile; fileRef = 6186525E2930411F00900C20 /* SearchViewController.swift */; };
		618652612930413100900C20 /* DownloadsViewController.swift in Sources */ = {isa = PBXBuildFile; fileRef = 618652602930413100900C20 /* DownloadsViewController.swift */; };
		618652682930491300900C20 /* CollectionViewTableViewCell.swift in Sources */ = {isa = PBXBuildFile; fileRef = 618652672930491300900C20 /* CollectionViewTableViewCell.swift */; };
		619674B72930F424003A3E94 /* HeroHeaderUIView.swift in Sources */ = {isa = PBXBuildFile; fileRef = 619674B62930F424003A3E94 /* HeroHeaderUIView.swift */; };
		619674B929312379003A3E94 /* APICaller.swift in Sources */ = {isa = PBXBuildFile; fileRef = 619674B829312379003A3E94 /* APICaller.swift */; };
		619674BB293128C8003A3E94 /* Title.swift in Sources */ = {isa = PBXBuildFile; fileRef = 619674BA293128C8003A3E94 /* Title.swift */; };
		619902EA2932C51F00A87C25 /* Extensions.swift in Sources */ = {isa = PBXBuildFile; fileRef = 619902E92932C51F00A87C25 /* Extensions.swift */; };
		619902EE2932D3DE00A87C25 /* TitleCollectionViewCell.swift in Sources */ = {isa = PBXBuildFile; fileRef = 619902ED2932D3DE00A87C25 /* TitleCollectionViewCell.swift */; };
		619902F12932D5C700A87C25 /* SDWebImage in Frameworks */ = {isa = PBXBuildFile; productRef = 619902F02932D5C700A87C25 /* SDWebImage */; };
		619902F32932D5C700A87C25 /* SDWebImageMapKit in Frameworks */ = {isa = PBXBuildFile; productRef = 619902F22932D5C700A87C25 /* SDWebImageMapKit */; };
/* End PBXBuildFile section */

/* Begin PBXFileReference section */
		616459D92937A1D100ADF3A3 /* TitleTableViewCell.swift */ = {isa = PBXFileReference; lastKnownFileType = sourcecode.swift; path = TitleTableViewCell.swift; sourceTree = "<group>"; };
		616459DB2937A63C00ADF3A3 /* TitleViewModel.swift */ = {isa = PBXFileReference; lastKnownFileType = sourcecode.swift; path = TitleViewModel.swift; sourceTree = "<group>"; };
		6186524129303E8A00900C20 /* Netflix Clone.app */ = {isa = PBXFileReference; explicitFileType = wrapper.application; includeInIndex = 0; path = "Netflix Clone.app"; sourceTree = BUILT_PRODUCTS_DIR; };
		6186524429303E8A00900C20 /* AppDelegate.swift */ = {isa = PBXFileReference; lastKnownFileType = sourcecode.swift; path = AppDelegate.swift; sourceTree = "<group>"; };
		6186524629303E8A00900C20 /* SceneDelegate.swift */ = {isa = PBXFileReference; lastKnownFileType = sourcecode.swift; path = SceneDelegate.swift; sourceTree = "<group>"; };
		6186524829303E8A00900C20 /* MainTabBarViewController.swift */ = {isa = PBXFileReference; lastKnownFileType = sourcecode.swift; path = MainTabBarViewController.swift; sourceTree = "<group>"; };
		6186524D29303E8B00900C20 /* Assets.xcassets */ = {isa = PBXFileReference; lastKnownFileType = folder.assetcatalog; path = Assets.xcassets; sourceTree = "<group>"; };
		6186525029303E8B00900C20 /* Base */ = {isa = PBXFileReference; lastKnownFileType = file.storyboard; name = Base; path = Base.lproj/LaunchScreen.storyboard; sourceTree = "<group>"; };
		6186525229303E8B00900C20 /* Info.plist */ = {isa = PBXFileReference; lastKnownFileType = text.plist.xml; path = Info.plist; sourceTree = "<group>"; };
		61865259293040D200900C20 /* HomeViewController.swift */ = {isa = PBXFileReference; lastKnownFileType = sourcecode.swift; path = HomeViewController.swift; sourceTree = "<group>"; };
		6186525C2930410C00900C20 /* UpComingViewController.swift */ = {isa = PBXFileReference; lastKnownFileType = sourcecode.swift; path = UpComingViewController.swift; sourceTree = "<group>"; };
		6186525E2930411F00900C20 /* SearchViewController.swift */ = {isa = PBXFileReference; lastKnownFileType = sourcecode.swift; path = SearchViewController.swift; sourceTree = "<group>"; };
		618652602930413100900C20 /* DownloadsViewController.swift */ = {isa = PBXFileReference; lastKnownFileType = sourcecode.swift; path = DownloadsViewController.swift; sourceTree = "<group>"; };
		618652672930491300900C20 /* CollectionViewTableViewCell.swift */ = {isa = PBXFileReference; lastKnownFileType = sourcecode.swift; path = CollectionViewTableViewCell.swift; sourceTree = "<group>"; };
		619674B62930F424003A3E94 /* HeroHeaderUIView.swift */ = {isa = PBXFileReference; lastKnownFileType = sourcecode.swift; path = HeroHeaderUIView.swift; sourceTree = "<group>"; };
		619674B829312379003A3E94 /* APICaller.swift */ = {isa = PBXFileReference; lastKnownFileType = sourcecode.swift; path = APICaller.swift; sourceTree = "<group>"; };
		619674BA293128C8003A3E94 /* Title.swift */ = {isa = PBXFileReference; lastKnownFileType = sourcecode.swift; path = Title.swift; sourceTree = "<group>"; };
		619902E92932C51F00A87C25 /* Extensions.swift */ = {isa = PBXFileReference; lastKnownFileType = sourcecode.swift; path = Extensions.swift; sourceTree = "<group>"; };
		619902ED2932D3DE00A87C25 /* TitleCollectionViewCell.swift */ = {isa = PBXFileReference; lastKnownFileType = sourcecode.swift; path = TitleCollectionViewCell.swift; sourceTree = "<group>"; };
/* End PBXFileReference section */

/* Begin PBXFrameworksBuildPhase section */
		6186523E29303E8A00900C20 /* Frameworks */ = {
			isa = PBXFrameworksBuildPhase;
			buildActionMask = 2147483647;
			files = (
				619902F32932D5C700A87C25 /* SDWebImageMapKit in Frameworks */,
				619902F12932D5C700A87C25 /* SDWebImage in Frameworks */,
			);
			runOnlyForDeploymentPostprocessing = 0;
		};
/* End PBXFrameworksBuildPhase section */

/* Begin PBXGroup section */
		6186523829303E8A00900C20 = {
			isa = PBXGroup;
			children = (
				6186524329303E8A00900C20 /* Netflix Clone */,
				6186524229303E8A00900C20 /* Products */,
			);
			sourceTree = "<group>";
		};
		6186524229303E8A00900C20 /* Products */ = {
			isa = PBXGroup;
			children = (
				6186524129303E8A00900C20 /* Netflix Clone.app */,
			);
			name = Products;
			sourceTree = "<group>";
		};
		6186524329303E8A00900C20 /* Netflix Clone */ = {
			isa = PBXGroup;
			children = (
				61865266293048C300900C20 /* Manegers  */,
				61865265293048B100900C20 /* Resources */,
				61865264293048AA00900C20 /* Models */,
				618652632930488900900C20 /* ViewModels */,
				618652622930487D00900C20 /* Views */,
				61865258293040AD00900C20 /* Controllers */,
				6186524429303E8A00900C20 /* AppDelegate.swift */,
				6186524629303E8A00900C20 /* SceneDelegate.swift */,
				6186524829303E8A00900C20 /* MainTabBarViewController.swift */,
				6186524D29303E8B00900C20 /* Assets.xcassets */,
				6186524F29303E8B00900C20 /* LaunchScreen.storyboard */,
				6186525229303E8B00900C20 /* Info.plist */,
			);
			path = "Netflix Clone";
			sourceTree = "<group>";
		};
		61865258293040AD00900C20 /* Controllers */ = {
			isa = PBXGroup;
			children = (
				61865259293040D200900C20 /* HomeViewController.swift */,
				6186525C2930410C00900C20 /* UpComingViewController.swift */,
				6186525E2930411F00900C20 /* SearchViewController.swift */,
				618652602930413100900C20 /* DownloadsViewController.swift */,
			);
			path = Controllers;
			sourceTree = "<group>";
		};
		618652622930487D00900C20 /* Views */ = {
			isa = PBXGroup;
			children = (
				618652672930491300900C20 /* CollectionViewTableViewCell.swift */,
				619674B62930F424003A3E94 /* HeroHeaderUIView.swift */,
				619902ED2932D3DE00A87C25 /* TitleCollectionViewCell.swift */,
				616459D92937A1D100ADF3A3 /* TitleTableViewCell.swift */,
			);
			path = Views;
			sourceTree = "<group>";
		};
		618652632930488900900C20 /* ViewModels */ = {
			isa = PBXGroup;
			children = (
				616459DB2937A63C00ADF3A3 /* TitleViewModel.swift */,
			);
			path = ViewModels;
			sourceTree = "<group>";
		};
		61865264293048AA00900C20 /* Models */ = {
			isa = PBXGroup;
			children = (
				619674BA293128C8003A3E94 /* Title.swift */,
			);
			path = Models;
			sourceTree = "<group>";
		};
		61865265293048B100900C20 /* Resources */ = {
			isa = PBXGroup;
			children = (
				619902E92932C51F00A87C25 /* Extensions.swift */,
			);
			path = Resources;
			sourceTree = "<group>";
		};
		61865266293048C300900C20 /* Manegers  */ = {
			isa = PBXGroup;
			children = (
				619674B829312379003A3E94 /* APICaller.swift */,
			);
			path = "Manegers ";
			sourceTree = "<group>";
		};
/* End PBXGroup section */

/* Begin PBXNativeTarget section */
		6186524029303E8A00900C20 /* Netflix Clone */ = {
			isa = PBXNativeTarget;
			buildConfigurationList = 6186525529303E8B00900C20 /* Build configuration list for PBXNativeTarget "Netflix Clone" */;
			buildPhases = (
				6186523D29303E8A00900C20 /* Sources */,
				6186523E29303E8A00900C20 /* Frameworks */,
				6186523F29303E8A00900C20 /* Resources */,
			);
			buildRules = (
			);
			dependencies = (
			);
			name = "Netflix Clone";
			packageProductDependencies = (
				619902F02932D5C700A87C25 /* SDWebImage */,
				619902F22932D5C700A87C25 /* SDWebImageMapKit */,
			);
			productName = "Netflix Clone";
			productReference = 6186524129303E8A00900C20 /* Netflix Clone.app */;
			productType = "com.apple.product-type.application";
		};
/* End PBXNativeTarget section */

/* Begin PBXProject section */
		6186523929303E8A00900C20 /* Project object */ = {
			isa = PBXProject;
			attributes = {
				BuildIndependentTargetsInParallel = 1;
				LastSwiftUpdateCheck = 1410;
				LastUpgradeCheck = 1410;
				TargetAttributes = {
					6186524029303E8A00900C20 = {
						CreatedOnToolsVersion = 14.1;
					};
				};
			};
			buildConfigurationList = 6186523C29303E8A00900C20 /* Build configuration list for PBXProject "Netflix Clone" */;
			compatibilityVersion = "Xcode 14.0";
			developmentRegion = en;
			hasScannedForEncodings = 0;
			knownRegions = (
				en,
				Base,
			);
			mainGroup = 6186523829303E8A00900C20;
			packageReferences = (
				619902EF2932D5C700A87C25 /* XCRemoteSwiftPackageReference "SDWebImage" */,
			);
			productRefGroup = 6186524229303E8A00900C20 /* Products */;
			projectDirPath = "";
			projectRoot = "";
			targets = (
				6186524029303E8A00900C20 /* Netflix Clone */,
			);
		};
/* End PBXProject section */

/* Begin PBXResourcesBuildPhase section */
		6186523F29303E8A00900C20 /* Resources */ = {
			isa = PBXResourcesBuildPhase;
			buildActionMask = 2147483647;
			files = (
				6186525129303E8B00900C20 /* LaunchScreen.storyboard in Resources */,
				6186524E29303E8B00900C20 /* Assets.xcassets in Resources */,
			);
			runOnlyForDeploymentPostprocessing = 0;
		};
/* End PBXResourcesBuildPhase section */

/* Begin PBXSourcesBuildPhase section */
		6186523D29303E8A00900C20 /* Sources */ = {
			isa = PBXSourcesBuildPhase;
			buildActionMask = 2147483647;
			files = (
				616459DA2937A1D100ADF3A3 /* TitleTableViewCell.swift in Sources */,
				6186525F2930411F00900C20 /* SearchViewController.swift in Sources */,
				619902EE2932D3DE00A87C25 /* TitleCollectionViewCell.swift in Sources */,
				6186524929303E8A00900C20 /* MainTabBarViewController.swift in Sources */,
				618652682930491300900C20 /* CollectionViewTableViewCell.swift in Sources */,
				619674B929312379003A3E94 /* APICaller.swift in Sources */,
				619674B72930F424003A3E94 /* HeroHeaderUIView.swift in Sources */,
				618652612930413100900C20 /* DownloadsViewController.swift in Sources */,
				6186524529303E8A00900C20 /* AppDelegate.swift in Sources */,
				619902EA2932C51F00A87C25 /* Extensions.swift in Sources */,
				6186525D2930410C00900C20 /* UpComingViewController.swift in Sources */,
				6186524729303E8A00900C20 /* SceneDelegate.swift in Sources */,
				619674BB293128C8003A3E94 /* Title.swift in Sources */,
				6186525A293040D200900C20 /* HomeViewController.swift in Sources */,
				616459DC2937A63C00ADF3A3 /* TitleViewModel.swift in Sources */,
			);
			runOnlyForDeploymentPostprocessing = 0;
		};
/* End PBXSourcesBuildPhase section */

/* Begin PBXVariantGroup section */
		6186524F29303E8B00900C20 /* LaunchScreen.storyboard */ = {
			isa = PBXVariantGroup;
			children = (
				6186525029303E8B00900C20 /* Base */,
			);
			name = LaunchScreen.storyboard;
			sourceTree = "<group>";
		};
/* End PBXVariantGroup section */

/* Begin XCBuildConfiguration section */
		6186525329303E8B00900C20 /* Debug */ = {
			isa = XCBuildConfiguration;
			buildSettings = {
				ALWAYS_SEARCH_USER_PATHS = NO;
				CLANG_ANALYZER_NONNULL = YES;
				CLANG_ANALYZER_NUMBER_OBJECT_CONVERSION = YES_AGGRESSIVE;
				CLANG_CXX_LANGUAGE_STANDARD = "gnu++20";
				CLANG_ENABLE_MODULES = YES;
				CLANG_ENABLE_OBJC_ARC = YES;
				CLANG_ENABLE_OBJC_WEAK = YES;
				CLANG_WARN_BLOCK_CAPTURE_AUTORELEASING = YES;
				CLANG_WARN_BOOL_CONVERSION = YES;
				CLANG_WARN_COMMA = YES;
				CLANG_WARN_CONSTANT_CONVERSION = YES;
				CLANG_WARN_DEPRECATED_OBJC_IMPLEMENTATIONS = YES;
				CLANG_WARN_DIRECT_OBJC_ISA_USAGE = YES_ERROR;
				CLANG_WARN_DOCUMENTATION_COMMENTS = YES;
				CLANG_WARN_EMPTY_BODY = YES;
				CLANG_WARN_ENUM_CONVERSION = YES;
				CLANG_WARN_INFINITE_RECURSION = YES;
				CLANG_WARN_INT_CONVERSION = YES;
				CLANG_WARN_NON_LITERAL_NULL_CONVERSION = YES;
				CLANG_WARN_OBJC_IMPLICIT_RETAIN_SELF = YES;
				CLANG_WARN_OBJC_LITERAL_CONVERSION = YES;
				CLANG_WARN_OBJC_ROOT_CLASS = YES_ERROR;
				CLANG_WARN_QUOTED_INCLUDE_IN_FRAMEWORK_HEADER = YES;
				CLANG_WARN_RANGE_LOOP_ANALYSIS = YES;
				CLANG_WARN_STRICT_PROTOTYPES = YES;
				CLANG_WARN_SUSPICIOUS_MOVE = YES;
				CLANG_WARN_UNGUARDED_AVAILABILITY = YES_AGGRESSIVE;
				CLANG_WARN_UNREACHABLE_CODE = YES;
				CLANG_WARN__DUPLICATE_METHOD_MATCH = YES;
				COPY_PHASE_STRIP = NO;
				DEBUG_INFORMATION_FORMAT = dwarf;
				ENABLE_STRICT_OBJC_MSGSEND = YES;
				ENABLE_TESTABILITY = YES;
				GCC_C_LANGUAGE_STANDARD = gnu11;
				GCC_DYNAMIC_NO_PIC = NO;
				GCC_NO_COMMON_BLOCKS = YES;
				GCC_OPTIMIZATION_LEVEL = 0;
				GCC_PREPROCESSOR_DEFINITIONS = (
					"DEBUG=1",
					"$(inherited)",
				);
				GCC_WARN_64_TO_32_BIT_CONVERSION = YES;
				GCC_WARN_ABOUT_RETURN_TYPE = YES_ERROR;
				GCC_WARN_UNDECLARED_SELECTOR = YES;
				GCC_WARN_UNINITIALIZED_AUTOS = YES_AGGRESSIVE;
				GCC_WARN_UNUSED_FUNCTION = YES;
				GCC_WARN_UNUSED_VARIABLE = YES;
				IPHONEOS_DEPLOYMENT_TARGET = 16.1;
				MTL_ENABLE_DEBUG_INFO = INCLUDE_SOURCE;
				MTL_FAST_MATH = YES;
				ONLY_ACTIVE_ARCH = YES;
				SDKROOT = iphoneos;
				SWIFT_ACTIVE_COMPILATION_CONDITIONS = DEBUG;
				SWIFT_OPTIMIZATION_LEVEL = "-Onone";
			};
			name = Debug;
		};
		6186525429303E8B00900C20 /* Release */ = {
			isa = XCBuildConfiguration;
			buildSettings = {
				ALWAYS_SEARCH_USER_PATHS = NO;
				CLANG_ANALYZER_NONNULL = YES;
				CLANG_ANALYZER_NUMBER_OBJECT_CONVERSION = YES_AGGRESSIVE;
				CLANG_CXX_LANGUAGE_STANDARD = "gnu++20";
				CLANG_ENABLE_MODULES = YES;
				CLANG_ENABLE_OBJC_ARC = YES;
				CLANG_ENABLE_OBJC_WEAK = YES;
				CLANG_WARN_BLOCK_CAPTURE_AUTORELEASING = YES;
				CLANG_WARN_BOOL_CONVERSION = YES;
				CLANG_WARN_COMMA = YES;
				CLANG_WARN_CONSTANT_CONVERSION = YES;
				CLANG_WARN_DEPRECATED_OBJC_IMPLEMENTATIONS = YES;
				CLANG_WARN_DIRECT_OBJC_ISA_USAGE = YES_ERROR;
				CLANG_WARN_DOCUMENTATION_COMMENTS = YES;
				CLANG_WARN_EMPTY_BODY = YES;
				CLANG_WARN_ENUM_CONVERSION = YES;
				CLANG_WARN_INFINITE_RECURSION = YES;
				CLANG_WARN_INT_CONVERSION = YES;
				CLANG_WARN_NON_LITERAL_NULL_CONVERSION = YES;
				CLANG_WARN_OBJC_IMPLICIT_RETAIN_SELF = YES;
				CLANG_WARN_OBJC_LITERAL_CONVERSION = YES;
				CLANG_WARN_OBJC_ROOT_CLASS = YES_ERROR;
				CLANG_WARN_QUOTED_INCLUDE_IN_FRAMEWORK_HEADER = YES;
				CLANG_WARN_RANGE_LOOP_ANALYSIS = YES;
				CLANG_WARN_STRICT_PROTOTYPES = YES;
				CLANG_WARN_SUSPICIOUS_MOVE = YES;
				CLANG_WARN_UNGUARDED_AVAILABILITY = YES_AGGRESSIVE;
				CLANG_WARN_UNREACHABLE_CODE = YES;
				CLANG_WARN__DUPLICATE_METHOD_MATCH = YES;
				COPY_PHASE_STRIP = NO;
				DEBUG_INFORMATION_FORMAT = "dwarf-with-dsym";
				ENABLE_NS_ASSERTIONS = NO;
				ENABLE_STRICT_OBJC_MSGSEND = YES;
				GCC_C_LANGUAGE_STANDARD = gnu11;
				GCC_NO_COMMON_BLOCKS = YES;
				GCC_WARN_64_TO_32_BIT_CONVERSION = YES;
				GCC_WARN_ABOUT_RETURN_TYPE = YES_ERROR;
				GCC_WARN_UNDECLARED_SELECTOR = YES;
				GCC_WARN_UNINITIALIZED_AUTOS = YES_AGGRESSIVE;
				GCC_WARN_UNUSED_FUNCTION = YES;
				GCC_WARN_UNUSED_VARIABLE = YES;
				IPHONEOS_DEPLOYMENT_TARGET = 16.1;
				MTL_ENABLE_DEBUG_INFO = NO;
				MTL_FAST_MATH = YES;
				SDKROOT = iphoneos;
				SWIFT_COMPILATION_MODE = wholemodule;
				SWIFT_OPTIMIZATION_LEVEL = "-O";
				VALIDATE_PRODUCT = YES;
			};
			name = Release;
		};
		6186525629303E8B00900C20 /* Debug */ = {
			isa = XCBuildConfiguration;
			buildSettings = {
				ASSETCATALOG_COMPILER_APPICON_NAME = AppIcon;
				ASSETCATALOG_COMPILER_GLOBAL_ACCENT_COLOR_NAME = AccentColor;
				CODE_SIGN_STYLE = Automatic;
				CURRENT_PROJECT_VERSION = 1;
				DEVELOPMENT_TEAM = 884H42YFP2;
				GENERATE_INFOPLIST_FILE = YES;
				INFOPLIST_FILE = "Netflix Clone/Info.plist";
				INFOPLIST_KEY_UIApplicationSupportsIndirectInputEvents = YES;
				INFOPLIST_KEY_UILaunchStoryboardName = LaunchScreen;
				INFOPLIST_KEY_UISupportedInterfaceOrientations_iPad = "UIInterfaceOrientationPortrait UIInterfaceOrientationPortraitUpsideDown UIInterfaceOrientationLandscapeLeft UIInterfaceOrientationLandscapeRight";
				INFOPLIST_KEY_UISupportedInterfaceOrientations_iPhone = "UIInterfaceOrientationPortrait UIInterfaceOrientationLandscapeLeft UIInterfaceOrientationLandscapeRight";
				LD_RUNPATH_SEARCH_PATHS = (
					"$(inherited)",
					"@executable_path/Frameworks",
				);
				MARKETING_VERSION = 1.0;
				PRODUCT_BUNDLE_IDENTIFIER = "com.mustafaadnantatlici.Netflix-Clone";
				PRODUCT_NAME = "$(TARGET_NAME)";
				SWIFT_EMIT_LOC_STRINGS = YES;
				SWIFT_VERSION = 5.0;
				TARGETED_DEVICE_FAMILY = "1,2";
			};
			name = Debug;
		};
		6186525729303E8B00900C20 /* Release */ = {
			isa = XCBuildConfiguration;
			buildSettings = {
				ASSETCATALOG_COMPILER_APPICON_NAME = AppIcon;
				ASSETCATALOG_COMPILER_GLOBAL_ACCENT_COLOR_NAME = AccentColor;
				CODE_SIGN_STYLE = Automatic;
				CURRENT_PROJECT_VERSION = 1;
				DEVELOPMENT_TEAM = 884H42YFP2;
				GENERATE_INFOPLIST_FILE = YES;
				INFOPLIST_FILE = "Netflix Clone/Info.plist";
				INFOPLIST_KEY_UIApplicationSupportsIndirectInputEvents = YES;
				INFOPLIST_KEY_UILaunchStoryboardName = LaunchScreen;
				INFOPLIST_KEY_UISupportedInterfaceOrientations_iPad = "UIInterfaceOrientationPortrait UIInterfaceOrientationPortraitUpsideDown UIInterfaceOrientationLandscapeLeft UIInterfaceOrientationLandscapeRight";
				INFOPLIST_KEY_UISupportedInterfaceOrientations_iPhone = "UIInterfaceOrientationPortrait UIInterfaceOrientationLandscapeLeft UIInterfaceOrientationLandscapeRight";
				LD_RUNPATH_SEARCH_PATHS = (
					"$(inherited)",
					"@executable_path/Frameworks",
				);
				MARKETING_VERSION = 1.0;
				PRODUCT_BUNDLE_IDENTIFIER = "com.mustafaadnantatlici.Netflix-Clone";
				PRODUCT_NAME = "$(TARGET_NAME)";
				SWIFT_EMIT_LOC_STRINGS = YES;
				SWIFT_VERSION = 5.0;
				TARGETED_DEVICE_FAMILY = "1,2";
			};
			name = Release;
		};
/* End XCBuildConfiguration section */

/* Begin XCConfigurationList section */
		6186523C29303E8A00900C20 /* Build configuration list for PBXProject "Netflix Clone" */ = {
			isa = XCConfigurationList;
			buildConfigurations = (
				6186525329303E8B00900C20 /* Debug */,
				6186525429303E8B00900C20 /* Release */,
			);
			defaultConfigurationIsVisible = 0;
			defaultConfigurationName = Release;
		};
		6186525529303E8B00900C20 /* Build configuration list for PBXNativeTarget "Netflix Clone" */ = {
			isa = XCConfigurationList;
			buildConfigurations = (
				6186525629303E8B00900C20 /* Debug */,
				6186525729303E8B00900C20 /* Release */,
			);
			defaultConfigurationIsVisible = 0;
			defaultConfigurationName = Release;
		};
/* End XCConfigurationList section */

/* Begin XCRemoteSwiftPackageReference section */
		619902EF2932D5C700A87C25 /* XCRemoteSwiftPackageReference "SDWebImage" */ = {
			isa = XCRemoteSwiftPackageReference;
			repositoryURL = "https://github.com/SDWebImage/SDWebImage.git";
			requirement = {
				kind = upToNextMajorVersion;
				minimumVersion = 5.0.0;
			};
		};
/* End XCRemoteSwiftPackageReference section */

/* Begin XCSwiftPackageProductDependency section */
		619902F02932D5C700A87C25 /* SDWebImage */ = {
			isa = XCSwiftPackageProductDependency;
			package = 619902EF2932D5C700A87C25 /* XCRemoteSwiftPackageReference "SDWebImage" */;
			productName = SDWebImage;
		};
		619902F22932D5C700A87C25 /* SDWebImageMapKit */ = {
			isa = XCSwiftPackageProductDependency;
			package = 619902EF2932D5C700A87C25 /* XCRemoteSwiftPackageReference "SDWebImage" */;
			productName = SDWebImageMapKit;
		};
/* End XCSwiftPackageProductDependency section */
	};
	rootObject = 6186523929303E8A00900C20 /* Project object */;
}
